
Microsoft Visual Studio Solution File, Format Version 12.00
# Visual Studio 15
VisualStudioVersion = 15.0.27004.2002
MinimumVisualStudioVersion = 10.0.40219.1
Project("{FAE04EC0-301F-11D3-BF4B-00C04F79EFBC}") = "Enima.Utils", "Enima.Utils\Enima.Utils.csproj", "{A229533C-854A-4CC6-B2BB-F8BB2884BDDB}"
EndProject
Global
	GlobalSection(SolutionConfigurationPlatforms) = preSolution
		Debug|Any CPU = Debug|Any CPU
		Release|Any CPU = Release|Any CPU
	EndGlobalSection
	GlobalSection(ProjectConfigurationPlatforms) = postSolution
		{A229533C-854A-4CC6-B2BB-F8BB2884BDDB}.Debug|Any CPU.ActiveCfg = Debug|Any CPU
		{A229533C-854A-4CC6-B2BB-F8BB2884BDDB}.Debug|Any CPU.Build.0 = Debug|Any CPU
		{A229533C-854A-4CC6-B2BB-F8BB2884BDDB}.Release|Any CPU.ActiveCfg = Release|Any CPU
		{A229533C-854A-4CC6-B2BB-F8BB2884BDDB}.Release|Any CPU.Build.0 = Release|Any CPU
	EndGlobalSection
	GlobalSection(SolutionProperties) = preSolution
		HideSolutionNode = FALSE
	EndGlobalSection
	GlobalSection(ExtensibilityGlobals) = postSolution
		SolutionGuid = {F67CCE01-C912-4231-8A22-6606FE099B92}
	EndGlobalSection
EndGlobal
